
Microsoft Visual Studio Solution File, Format Version 12.00
# Visual Studio 15
VisualStudioVersion = 15.0.27703.2035
MinimumVisualStudioVersion = 10.0.40219.1
Project("{9A19103F-16F7-4668-BE54-9A1E7A4F7556}") = "MediaViewer", "MediaViewer\MediaViewer\MediaViewer.csproj", "{521DDB94-E841-4E19-84C5-DCFDF65F0FCB}"
EndProject
Project("{FAE04EC0-301F-11D3-BF4B-00C04F79EFBC}") = "MediaViewer.Android", "MediaViewer\MediaViewer.Android\MediaViewer.Android.csproj", "{72AB31B8-A87F-40E6-8FFB-43AD428AF5F5}"
EndProject
Project("{FAE04EC0-301F-11D3-BF4B-00C04F79EFBC}") = "MediaViewer.iOS", "MediaViewer\MediaViewer.iOS\MediaViewer.iOS.csproj", "{2C2A96AD-427C-42E5-83BB-87D840242CED}"
EndProject
Project("{FAE04EC0-301F-11D3-BF4B-00C04F79EFBC}") = "MediaViewer.UWP", "MediaViewer\MediaViewer.UWP\MediaViewer.UWP.csproj", "{22181776-652B-479B-AEEA-2E5A584EFAA0}"
EndProject
Global
	GlobalSection(SolutionConfigurationPlatforms) = preSolution
		Ad-Hoc|Any CPU = Ad-Hoc|Any CPU
		Ad-Hoc|ARM = Ad-Hoc|ARM
		Ad-Hoc|iPhone = Ad-Hoc|iPhone
		Ad-Hoc|iPhoneSimulator = Ad-Hoc|iPhoneSimulator
		Ad-Hoc|x64 = Ad-Hoc|x64
		Ad-Hoc|x86 = Ad-Hoc|x86
		AppStore|Any CPU = AppStore|Any CPU
		AppStore|ARM = AppStore|ARM
		AppStore|iPhone = AppStore|iPhone
		AppStore|iPhoneSimulator = AppStore|iPhoneSimulator
		AppStore|x64 = AppStore|x64
		AppStore|x86 = AppStore|x86
		Debug|Any CPU = Debug|Any CPU
		Debug|ARM = Debug|ARM
		Debug|iPhone = Debug|iPhone
		Debug|iPhoneSimulator = Debug|iPhoneSimulator
		Debug|x64 = Debug|x64
		Debug|x86 = Debug|x86
		Release|Any CPU = Release|Any CPU
		Release|ARM = Release|ARM
		Release|iPhone = Release|iPhone
		Release|iPhoneSimulator = Release|iPhoneSimulator
		Release|x64 = Release|x64
		Release|x86 = Release|x86
	EndGlobalSection
	GlobalSection(ProjectConfigurationPlatforms) = postSolution
		{521DDB94-E841-4E19-84C5-DCFDF65F0FCB}.Ad-Hoc|Any CPU.ActiveCfg = Debug|Any CPU
		{521DDB94-E841-4E19-84C5-DCFDF65F0FCB}.Ad-Hoc|Any CPU.Build.0 = Debug|Any CPU
		{521DDB94-E841-4E19-84C5-DCFDF65F0FCB}.Ad-Hoc|ARM.ActiveCfg = Debug|Any CPU
		{521DDB94-E841-4E19-84C5-DCFDF65F0FCB}.Ad-Hoc|ARM.Build.0 = Debug|Any CPU
		{521DDB94-E841-4E19-84C5-DCFDF65F0FCB}.Ad-Hoc|iPhone.ActiveCfg = Debug|Any CPU
		{521DDB94-E841-4E19-84C5-DCFDF65F0FCB}.Ad-Hoc|iPhone.Build.0 = Debug|Any CPU
		{521DDB94-E841-4E19-84C5-DCFDF65F0FCB}.Ad-Hoc|iPhoneSimulator.ActiveCfg = Debug|Any CPU
		{521DDB94-E841-4E19-84C5-DCFDF65F0FCB}.Ad-Hoc|iPhoneSimulator.Build.0 = Debug|Any CPU
		{521DDB94-E841-4E19-84C5-DCFDF65F0FCB}.Ad-Hoc|x64.ActiveCfg = Debug|Any CPU
		{521DDB94-E841-4E19-84C5-DCFDF65F0FCB}.Ad-Hoc|x64.Build.0 = Debug|Any CPU
		{521DDB94-E841-4E19-84C5-DCFDF65F0FCB}.Ad-Hoc|x86.ActiveCfg = Debug|Any CPU
		{521DDB94-E841-4E19-84C5-DCFDF65F0FCB}.Ad-Hoc|x86.Build.0 = Debug|Any CPU
		{521DDB94-E841-4E19-84C5-DCFDF65F0FCB}.AppStore|Any CPU.ActiveCfg = Debug|Any CPU
		{521DDB94-E841-4E19-84C5-DCFDF65F0FCB}.AppStore|Any CPU.Build.0 = Debug|Any CPU
		{521DDB94-E841-4E19-84C5-DCFDF65F0FCB}.AppStore|ARM.ActiveCfg = Debug|Any CPU
		{521DDB94-E841-4E19-84C5-DCFDF65F0FCB}.AppStore|ARM.Build.0 = Debug|Any CPU
		{521DDB94-E841-4E19-84C5-DCFDF65F0FCB}.AppStore|iPhone.ActiveCfg = Debug|Any CPU
		{521DDB94-E841-4E19-84C5-DCFDF65F0FCB}.AppStore|iPhone.Build.0 = Debug|Any CPU
		{521DDB94-E841-4E19-84C5-DCFDF65F0FCB}.AppStore|iPhoneSimulator.ActiveCfg = Debug|Any CPU
		{521DDB94-E841-4E19-84C5-DCFDF65F0FCB}.AppStore|iPhoneSimulator.Build.0 = Debug|Any CPU
		{521DDB94-E841-4E19-84C5-DCFDF65F0FCB}.AppStore|x64.ActiveCfg = Debug|Any CPU
		{521DDB94-E841-4E19-84C5-DCFDF65F0FCB}.AppStore|x64.Build.0 = Debug|Any CPU
		{521DDB94-E841-4E19-84C5-DCFDF65F0FCB}.AppStore|x86.ActiveCfg = Debug|Any CPU
		{521DDB94-E841-4E19-84C5-DCFDF65F0FCB}.AppStore|x86.Build.0 = Debug|Any CPU
		{521DDB94-E841-4E19-84C5-DCFDF65F0FCB}.Debug|Any CPU.ActiveCfg = Debug|Any CPU
		{521DDB94-E841-4E19-84C5-DCFDF65F0FCB}.Debug|Any CPU.Build.0 = Debug|Any CPU
		{521DDB94-E841-4E19-84C5-DCFDF65F0FCB}.Debug|ARM.ActiveCfg = Debug|Any CPU
		{521DDB94-E841-4E19-84C5-DCFDF65F0FCB}.Debug|ARM.Build.0 = Debug|Any CPU
		{521DDB94-E841-4E19-84C5-DCFDF65F0FCB}.Debug|iPhone.ActiveCfg = Debug|Any CPU
		{521DDB94-E841-4E19-84C5-DCFDF65F0FCB}.Debug|iPhone.Build.0 = Debug|Any CPU
		{521DDB94-E841-4E19-84C5-DCFDF65F0FCB}.Debug|iPhoneSimulator.ActiveCfg = Debug|Any CPU
		{521DDB94-E841-4E19-84C5-DCFDF65F0FCB}.Debug|iPhoneSimulator.Build.0 = Debug|Any CPU
		{521DDB94-E841-4E19-84C5-DCFDF65F0FCB}.Debug|x64.ActiveCfg = Debug|Any CPU
		{521DDB94-E841-4E19-84C5-DCFDF65F0FCB}.Debug|x64.Build.0 = Debug|Any CPU
		{521DDB94-E841-4E19-84C5-DCFDF65F0FCB}.Debug|x86.ActiveCfg = Debug|Any CPU
		{521DDB94-E841-4E19-84C5-DCFDF65F0FCB}.Debug|x86.Build.0 = Debug|Any CPU
		{521DDB94-E841-4E19-84C5-DCFDF65F0FCB}.Release|Any CPU.ActiveCfg = Release|Any CPU
		{521DDB94-E841-4E19-84C5-DCFDF65F0FCB}.Release|Any CPU.Build.0 = Release|Any CPU
		{521DDB94-E841-4E19-84C5-DCFDF65F0FCB}.Release|ARM.ActiveCfg = Release|Any CPU
		{521DDB94-E841-4E19-84C5-DCFDF65F0FCB}.Release|ARM.Build.0 = Release|Any CPU
		{521DDB94-E841-4E19-84C5-DCFDF65F0FCB}.Release|iPhone.ActiveCfg = Release|Any CPU
		{521DDB94-E841-4E19-84C5-DCFDF65F0FCB}.Release|iPhone.Build.0 = Release|Any CPU
		{521DDB94-E841-4E19-84C5-DCFDF65F0FCB}.Release|iPhoneSimulator.ActiveCfg = Release|Any CPU
		{521DDB94-E841-4E19-84C5-DCFDF65F0FCB}.Release|iPhoneSimulator.Build.0 = Release|Any CPU
		{521DDB94-E841-4E19-84C5-DCFDF65F0FCB}.Release|x64.ActiveCfg = Release|Any CPU
		{521DDB94-E841-4E19-84C5-DCFDF65F0FCB}.Release|x64.Build.0 = Release|Any CPU
		{521DDB94-E841-4E19-84C5-DCFDF65F0FCB}.Release|x86.ActiveCfg = Release|Any CPU
		{521DDB94-E841-4E19-84C5-DCFDF65F0FCB}.Release|x86.Build.0 = Release|Any CPU
		{72AB31B8-A87F-40E6-8FFB-43AD428AF5F5}.Ad-Hoc|Any CPU.ActiveCfg = Release|Any CPU
		{72AB31B8-A87F-40E6-8FFB-43AD428AF5F5}.Ad-Hoc|Any CPU.Build.0 = Release|Any CPU
		{72AB31B8-A87F-40E6-8FFB-43AD428AF5F5}.Ad-Hoc|Any CPU.Deploy.0 = Release|Any CPU
		{72AB31B8-A87F-40E6-8FFB-43AD428AF5F5}.Ad-Hoc|ARM.ActiveCfg = Release|Any CPU
		{72AB31B8-A87F-40E6-8FFB-43AD428AF5F5}.Ad-Hoc|ARM.Build.0 = Release|Any CPU
		{72AB31B8-A87F-40E6-8FFB-43AD428AF5F5}.Ad-Hoc|ARM.Deploy.0 = Release|Any CPU
		{72AB31B8-A87F-40E6-8FFB-43AD428AF5F5}.Ad-Hoc|iPhone.ActiveCfg = Release|Any CPU
		{72AB31B8-A87F-40E6-8FFB-43AD428AF5F5}.Ad-Hoc|iPhone.Build.0 = Release|Any CPU
		{72AB31B8-A87F-40E6-8FFB-43AD428AF5F5}.Ad-Hoc|iPhone.Deploy.0 = Release|Any CPU
		{72AB31B8-A87F-40E6-8FFB-43AD428AF5F5}.Ad-Hoc|iPhoneSimulator.ActiveCfg = Release|Any CPU
		{72AB31B8-A87F-40E6-8FFB-43AD428AF5F5}.Ad-Hoc|iPhoneSimulator.Build.0 = Release|Any CPU
		{72AB31B8-A87F-40E6-8FFB-43AD428AF5F5}.Ad-Hoc|iPhoneSimulator.Deploy.0 = Release|Any CPU
		{72AB31B8-A87F-40E6-8FFB-43AD428AF5F5}.Ad-Hoc|x64.ActiveCfg = Release|Any CPU
		{72AB31B8-A87F-40E6-8FFB-43AD428AF5F5}.Ad-Hoc|x64.Build.0 = Release|Any CPU
		{72AB31B8-A87F-40E6-8FFB-43AD428AF5F5}.Ad-Hoc|x64.Deploy.0 = Release|Any CPU
		{72AB31B8-A87F-40E6-8FFB-43AD428AF5F5}.Ad-Hoc|x86.ActiveCfg = Release|Any CPU
		{72AB31B8-A87F-40E6-8FFB-43AD428AF5F5}.Ad-Hoc|x86.Build.0 = Release|Any CPU
		{72AB31B8-A87F-40E6-8FFB-43AD428AF5F5}.Ad-Hoc|x86.Deploy.0 = Release|Any CPU
		{72AB31B8-A87F-40E6-8FFB-43AD428AF5F5}.AppStore|Any CPU.ActiveCfg = Release|Any CPU
		{72AB31B8-A87F-40E6-8FFB-43AD428AF5F5}.AppStore|Any CPU.Build.0 = Release|Any CPU
		{72AB31B8-A87F-40E6-8FFB-43AD428AF5F5}.AppStore|Any CPU.Deploy.0 = Release|Any CPU
		{72AB31B8-A87F-40E6-8FFB-43AD428AF5F5}.AppStore|ARM.ActiveCfg = Release|Any CPU
		{72AB31B8-A87F-40E6-8FFB-43AD428AF5F5}.AppStore|ARM.Build.0 = Release|Any CPU
		{72AB31B8-A87F-40E6-8FFB-43AD428AF5F5}.AppStore|ARM.Deploy.0 = Release|Any CPU
		{72AB31B8-A87F-40E6-8FFB-43AD428AF5F5}.AppStore|iPhone.ActiveCfg = Release|Any CPU
		{72AB31B8-A87F-40E6-8FFB-43AD428AF5F5}.AppStore|iPhone.Build.0 = Release|Any CPU
		{72AB31B8-A87F-40E6-8FFB-43AD428AF5F5}.AppStore|iPhone.Deploy.0 = Release|Any CPU
		{72AB31B8-A87F-40E6-8FFB-43AD428AF5F5}.AppStore|iPhoneSimulator.ActiveCfg = Release|Any CPU
		{72AB31B8-A87F-40E6-8FFB-43AD428AF5F5}.AppStore|iPhoneSimulator.Build.0 = Release|Any CPU
		{72AB31B8-A87F-40E6-8FFB-43AD428AF5F5}.AppStore|iPhoneSimulator.Deploy.0 = Release|Any CPU
		{72AB31B8-A87F-40E6-8FFB-43AD428AF5F5}.AppStore|x64.ActiveCfg = Release|Any CPU
		{72AB31B8-A87F-40E6-8FFB-43AD428AF5F5}.AppStore|x64.Build.0 = Release|Any CPU
		{72AB31B8-A87F-40E6-8FFB-43AD428AF5F5}.AppStore|x64.Deploy.0 = Release|Any CPU
		{72AB31B8-A87F-40E6-8FFB-43AD428AF5F5}.AppStore|x86.ActiveCfg = Release|Any CPU
		{72AB31B8-A87F-40E6-8FFB-43AD428AF5F5}.AppStore|x86.Build.0 = Release|Any CPU
		{72AB31B8-A87F-40E6-8FFB-43AD428AF5F5}.AppStore|x86.Deploy.0 = Release|Any CPU
		{72AB31B8-A87F-40E6-8FFB-43AD428AF5F5}.Debug|Any CPU.ActiveCfg = Debug|Any CPU
		{72AB31B8-A87F-40E6-8FFB-43AD428AF5F5}.Debug|Any CPU.Build.0 = Debug|Any CPU
		{72AB31B8-A87F-40E6-8FFB-43AD428AF5F5}.Debug|Any CPU.Deploy.0 = Debug|Any CPU
		{72AB31B8-A87F-40E6-8FFB-43AD428AF5F5}.Debug|ARM.ActiveCfg = Debug|Any CPU
		{72AB31B8-A87F-40E6-8FFB-43AD428AF5F5}.Debug|ARM.Build.0 = Debug|Any CPU
		{72AB31B8-A87F-40E6-8FFB-43AD428AF5F5}.Debug|ARM.Deploy.0 = Debug|Any CPU
		{72AB31B8-A87F-40E6-8FFB-43AD428AF5F5}.Debug|iPhone.ActiveCfg = Debug|Any CPU
		{72AB31B8-A87F-40E6-8FFB-43AD428AF5F5}.Debug|iPhone.Build.0 = Debug|Any CPU
		{72AB31B8-A87F-40E6-8FFB-43AD428AF5F5}.Debug|iPhone.Deploy.0 = Debug|Any CPU
		{72AB31B8-A87F-40E6-8FFB-43AD428AF5F5}.Debug|iPhoneSimulator.ActiveCfg = Debug|Any CPU
		{72AB31B8-A87F-40E6-8FFB-43AD428AF5F5}.Debug|iPhoneSimulator.Build.0 = Debug|Any CPU
		{72AB31B8-A87F-40E6-8FFB-43AD428AF5F5}.Debug|iPhoneSimulator.Deploy.0 = Debug|Any CPU
		{72AB31B8-A87F-40E6-8FFB-43AD428AF5F5}.Debug|x64.ActiveCfg = Debug|Any CPU
		{72AB31B8-A87F-40E6-8FFB-43AD428AF5F5}.Debug|x64.Build.0 = Debug|Any CPU
		{72AB31B8-A87F-40E6-8FFB-43AD428AF5F5}.Debug|x64.Deploy.0 = Debug|Any CPU
		{72AB31B8-A87F-40E6-8FFB-43AD428AF5F5}.Debug|x86.ActiveCfg = Debug|Any CPU
		{72AB31B8-A87F-40E6-8FFB-43AD428AF5F5}.Debug|x86.Build.0 = Debug|Any CPU
		{72AB31B8-A87F-40E6-8FFB-43AD428AF5F5}.Debug|x86.Deploy.0 = Debug|Any CPU
		{72AB31B8-A87F-40E6-8FFB-43AD428AF5F5}.Release|Any CPU.ActiveCfg = Release|Any CPU
		{72AB31B8-A87F-40E6-8FFB-43AD428AF5F5}.Release|Any CPU.Build.0 = Release|Any CPU
		{72AB31B8-A87F-40E6-8FFB-43AD428AF5F5}.Release|Any CPU.Deploy.0 = Release|Any CPU
		{72AB31B8-A87F-40E6-8FFB-43AD428AF5F5}.Release|ARM.ActiveCfg = Release|Any CPU
		{72AB31B8-A87F-40E6-8FFB-43AD428AF5F5}.Release|ARM.Build.0 = Release|Any CPU
		{72AB31B8-A87F-40E6-8FFB-43AD428AF5F5}.Release|ARM.Deploy.0 = Release|Any CPU
		{72AB31B8-A87F-40E6-8FFB-43AD428AF5F5}.Release|iPhone.ActiveCfg = Release|Any CPU
		{72AB31B8-A87F-40E6-8FFB-43AD428AF5F5}.Release|iPhone.Build.0 = Release|Any CPU
		{72AB31B8-A87F-40E6-8FFB-43AD428AF5F5}.Release|iPhone.Deploy.0 = Release|Any CPU
		{72AB31B8-A87F-40E6-8FFB-43AD428AF5F5}.Release|iPhoneSimulator.ActiveCfg = Release|Any CPU
		{72AB31B8-A87F-40E6-8FFB-43AD428AF5F5}.Release|iPhoneSimulator.Build.0 = Release|Any CPU
		{72AB31B8-A87F-40E6-8FFB-43AD428AF5F5}.Release|iPhoneSimulator.Deploy.0 = Release|Any CPU
		{72AB31B8-A87F-40E6-8FFB-43AD428AF5F5}.Release|x64.ActiveCfg = Release|Any CPU
		{72AB31B8-A87F-40E6-8FFB-43AD428AF5F5}.Release|x64.Build.0 = Release|Any CPU
		{72AB31B8-A87F-40E6-8FFB-43AD428AF5F5}.Release|x64.Deploy.0 = Release|Any CPU
		{72AB31B8-A87F-40E6-8FFB-43AD428AF5F5}.Release|x86.ActiveCfg = Release|Any CPU
		{72AB31B8-A87F-40E6-8FFB-43AD428AF5F5}.Release|x86.Build.0 = Release|Any CPU
		{72AB31B8-A87F-40E6-8FFB-43AD428AF5F5}.Release|x86.Deploy.0 = Release|Any CPU
		{2C2A96AD-427C-42E5-83BB-87D840242CED}.Ad-Hoc|Any CPU.ActiveCfg = Ad-Hoc|iPhone
		{2C2A96AD-427C-42E5-83BB-87D840242CED}.Ad-Hoc|ARM.ActiveCfg = Ad-Hoc|iPhone
		{2C2A96AD-427C-42E5-83BB-87D840242CED}.Ad-Hoc|iPhone.ActiveCfg = Ad-Hoc|iPhone
		{2C2A96AD-427C-42E5-83BB-87D840242CED}.Ad-Hoc|iPhone.Build.0 = Ad-Hoc|iPhone
		{2C2A96AD-427C-42E5-83BB-87D840242CED}.Ad-Hoc|iPhoneSimulator.ActiveCfg = Ad-Hoc|iPhoneSimulator
		{2C2A96AD-427C-42E5-83BB-87D840242CED}.Ad-Hoc|iPhoneSimulator.Build.0 = Ad-Hoc|iPhoneSimulator
		{2C2A96AD-427C-42E5-83BB-87D840242CED}.Ad-Hoc|x64.ActiveCfg = Ad-Hoc|iPhone
		{2C2A96AD-427C-42E5-83BB-87D840242CED}.Ad-Hoc|x86.ActiveCfg = Ad-Hoc|iPhone
		{2C2A96AD-427C-42E5-83BB-87D840242CED}.AppStore|Any CPU.ActiveCfg = AppStore|iPhone
		{2C2A96AD-427C-42E5-83BB-87D840242CED}.AppStore|ARM.ActiveCfg = AppStore|iPhone
		{2C2A96AD-427C-42E5-83BB-87D840242CED}.AppStore|iPhone.ActiveCfg = AppStore|iPhone
		{2C2A96AD-427C-42E5-83BB-87D840242CED}.AppStore|iPhone.Build.0 = AppStore|iPhone
		{2C2A96AD-427C-42E5-83BB-87D840242CED}.AppStore|iPhoneSimulator.ActiveCfg = AppStore|iPhoneSimulator
		{2C2A96AD-427C-42E5-83BB-87D840242CED}.AppStore|iPhoneSimulator.Build.0 = AppStore|iPhoneSimulator
		{2C2A96AD-427C-42E5-83BB-87D840242CED}.AppStore|x64.ActiveCfg = AppStore|iPhone
		{2C2A96AD-427C-42E5-83BB-87D840242CED}.AppStore|x86.ActiveCfg = AppStore|iPhone
		{2C2A96AD-427C-42E5-83BB-87D840242CED}.Debug|Any CPU.ActiveCfg = Debug|iPhone
		{2C2A96AD-427C-42E5-83BB-87D840242CED}.Debug|ARM.ActiveCfg = Debug|iPhone
		{2C2A96AD-427C-42E5-83BB-87D840242CED}.Debug|iPhone.ActiveCfg = Debug|iPhone
		{2C2A96AD-427C-42E5-83BB-87D840242CED}.Debug|iPhone.Build.0 = Debug|iPhone
		{2C2A96AD-427C-42E5-83BB-87D840242CED}.Debug|iPhoneSimulator.ActiveCfg = Debug|iPhoneSimulator
		{2C2A96AD-427C-42E5-83BB-87D840242CED}.Debug|iPhoneSimulator.Build.0 = Debug|iPhoneSimulator
		{2C2A96AD-427C-42E5-83BB-87D840242CED}.Debug|x64.ActiveCfg = Debug|iPhone
		{2C2A96AD-427C-42E5-83BB-87D840242CED}.Debug|x86.ActiveCfg = Debug|iPhone
		{2C2A96AD-427C-42E5-83BB-87D840242CED}.Release|Any CPU.ActiveCfg = Release|iPhone
		{2C2A96AD-427C-42E5-83BB-87D840242CED}.Release|ARM.ActiveCfg = Release|iPhone
		{2C2A96AD-427C-42E5-83BB-87D840242CED}.Release|iPhone.ActiveCfg = Release|iPhone
		{2C2A96AD-427C-42E5-83BB-87D840242CED}.Release|iPhone.Build.0 = Release|iPhone
		{2C2A96AD-427C-42E5-83BB-87D840242CED}.Release|iPhoneSimulator.ActiveCfg = Release|iPhoneSimulator
		{2C2A96AD-427C-42E5-83BB-87D840242CED}.Release|iPhoneSimulator.Build.0 = Release|iPhoneSimulator
		{2C2A96AD-427C-42E5-83BB-87D840242CED}.Release|x64.ActiveCfg = Release|iPhone
		{2C2A96AD-427C-42E5-83BB-87D840242CED}.Release|x86.ActiveCfg = Release|iPhone
		{22181776-652B-479B-AEEA-2E5A584EFAA0}.Ad-Hoc|Any CPU.ActiveCfg = Release|x86
		{22181776-652B-479B-AEEA-2E5A584EFAA0}.Ad-Hoc|Any CPU.Build.0 = Release|x86
		{22181776-652B-479B-AEEA-2E5A584EFAA0}.Ad-Hoc|Any CPU.Deploy.0 = Release|x86
		{22181776-652B-479B-AEEA-2E5A584EFAA0}.Ad-Hoc|ARM.ActiveCfg = Release|ARM
		{22181776-652B-479B-AEEA-2E5A584EFAA0}.Ad-Hoc|ARM.Build.0 = Release|ARM
		{22181776-652B-479B-AEEA-2E5A584EFAA0}.Ad-Hoc|ARM.Deploy.0 = Release|ARM
		{22181776-652B-479B-AEEA-2E5A584EFAA0}.Ad-Hoc|iPhone.ActiveCfg = Release|x86
		{22181776-652B-479B-AEEA-2E5A584EFAA0}.Ad-Hoc|iPhone.Build.0 = Release|x86
		{22181776-652B-479B-AEEA-2E5A584EFAA0}.Ad-Hoc|iPhone.Deploy.0 = Release|x86
		{22181776-652B-479B-AEEA-2E5A584EFAA0}.Ad-Hoc|iPhoneSimulator.ActiveCfg = Release|x86
		{22181776-652B-479B-AEEA-2E5A584EFAA0}.Ad-Hoc|iPhoneSimulator.Build.0 = Release|x86
		{22181776-652B-479B-AEEA-2E5A584EFAA0}.Ad-Hoc|iPhoneSimulator.Deploy.0 = Release|x86
		{22181776-652B-479B-AEEA-2E5A584EFAA0}.Ad-Hoc|x64.ActiveCfg = Release|x64
		{22181776-652B-479B-AEEA-2E5A584EFAA0}.Ad-Hoc|x64.Build.0 = Release|x64
		{22181776-652B-479B-AEEA-2E5A584EFAA0}.Ad-Hoc|x64.Deploy.0 = Release|x64
		{22181776-652B-479B-AEEA-2E5A584EFAA0}.Ad-Hoc|x86.ActiveCfg = Release|x86
		{22181776-652B-479B-AEEA-2E5A584EFAA0}.Ad-Hoc|x86.Build.0 = Release|x86
		{22181776-652B-479B-AEEA-2E5A584EFAA0}.Ad-Hoc|x86.Deploy.0 = Release|x86
		{22181776-652B-479B-AEEA-2E5A584EFAA0}.AppStore|Any CPU.ActiveCfg = Release|x86
		{22181776-652B-479B-AEEA-2E5A584EFAA0}.AppStore|Any CPU.Build.0 = Release|x86
		{22181776-652B-479B-AEEA-2E5A584EFAA0}.AppStore|Any CPU.Deploy.0 = Release|x86
		{22181776-652B-479B-AEEA-2E5A584EFAA0}.AppStore|ARM.ActiveCfg = Release|ARM
		{22181776-652B-479B-AEEA-2E5A584EFAA0}.AppStore|ARM.Build.0 = Release|ARM
		{22181776-652B-479B-AEEA-2E5A584EFAA0}.AppStore|ARM.Deploy.0 = Release|ARM
		{22181776-652B-479B-AEEA-2E5A584EFAA0}.AppStore|iPhone.ActiveCfg = Release|x86
		{22181776-652B-479B-AEEA-2E5A584EFAA0}.AppStore|iPhone.Build.0 = Release|x86
		{22181776-652B-479B-AEEA-2E5A584EFAA0}.AppStore|iPhone.Deploy.0 = Release|x86
		{22181776-652B-479B-AEEA-2E5A584EFAA0}.AppStore|iPhoneSimulator.ActiveCfg = Release|x86
		{22181776-652B-479B-AEEA-2E5A584EFAA0}.AppStore|iPhoneSimulator.Build.0 = Release|x86
		{22181776-652B-479B-AEEA-2E5A584EFAA0}.AppStore|iPhoneSimulator.Deploy.0 = Release|x86
		{22181776-652B-479B-AEEA-2E5A584EFAA0}.AppStore|x64.ActiveCfg = Release|x64
		{22181776-652B-479B-AEEA-2E5A584EFAA0}.AppStore|x64.Build.0 = Release|x64
		{22181776-652B-479B-AEEA-2E5A584EFAA0}.AppStore|x64.Deploy.0 = Release|x64
		{22181776-652B-479B-AEEA-2E5A584EFAA0}.AppStore|x86.ActiveCfg = Release|x86
		{22181776-652B-479B-AEEA-2E5A584EFAA0}.AppStore|x86.Build.0 = Release|x86
		{22181776-652B-479B-AEEA-2E5A584EFAA0}.AppStore|x86.Deploy.0 = Release|x86
		{22181776-652B-479B-AEEA-2E5A584EFAA0}.Debug|Any CPU.ActiveCfg = Debug|x86
		{22181776-652B-479B-AEEA-2E5A584EFAA0}.Debug|ARM.ActiveCfg = Debug|ARM
		{22181776-652B-479B-AEEA-2E5A584EFAA0}.Debug|ARM.Build.0 = Debug|ARM
		{22181776-652B-479B-AEEA-2E5A584EFAA0}.Debug|ARM.Deploy.0 = Debug|ARM
		{22181776-652B-479B-AEEA-2E5A584EFAA0}.Debug|iPhone.ActiveCfg = Debug|x86
		{22181776-652B-479B-AEEA-2E5A584EFAA0}.Debug|iPhoneSimulator.ActiveCfg = Debug|x86
		{22181776-652B-479B-AEEA-2E5A584EFAA0}.Debug|x64.ActiveCfg = Debug|x64
		{22181776-652B-479B-AEEA-2E5A584EFAA0}.Debug|x64.Build.0 = Debug|x64
		{22181776-652B-479B-AEEA-2E5A584EFAA0}.Debug|x64.Deploy.0 = Debug|x64
		{22181776-652B-479B-AEEA-2E5A584EFAA0}.Debug|x86.ActiveCfg = Debug|x86
		{22181776-652B-479B-AEEA-2E5A584EFAA0}.Debug|x86.Build.0 = Debug|x86
		{22181776-652B-479B-AEEA-2E5A584EFAA0}.Debug|x86.Deploy.0 = Debug|x86
		{22181776-652B-479B-AEEA-2E5A584EFAA0}.Release|Any CPU.ActiveCfg = Release|x86
		{22181776-652B-479B-AEEA-2E5A584EFAA0}.Release|ARM.ActiveCfg = Release|ARM
		{22181776-652B-479B-AEEA-2E5A584EFAA0}.Release|ARM.Build.0 = Release|ARM
		{22181776-652B-479B-AEEA-2E5A584EFAA0}.Release|ARM.Deploy.0 = Release|ARM
		{22181776-652B-479B-AEEA-2E5A584EFAA0}.Release|iPhone.ActiveCfg = Release|x86
		{22181776-652B-479B-AEEA-2E5A584EFAA0}.Release|iPhoneSimulator.ActiveCfg = Release|x86
		{22181776-652B-479B-AEEA-2E5A584EFAA0}.Release|x64.ActiveCfg = Release|x64
		{22181776-652B-479B-AEEA-2E5A584EFAA0}.Release|x64.Build.0 = Release|x64
		{22181776-652B-479B-AEEA-2E5A584EFAA0}.Release|x64.Deploy.0 = Release|x64
		{22181776-652B-479B-AEEA-2E5A584EFAA0}.Release|x86.ActiveCfg = Release|x86
		{22181776-652B-479B-AEEA-2E5A584EFAA0}.Release|x86.Build.0 = Release|x86
		{22181776-652B-479B-AEEA-2E5A584EFAA0}.Release|x86.Deploy.0 = Release|x86
	EndGlobalSection
	GlobalSection(SolutionProperties) = preSolution
		HideSolutionNode = FALSE
	EndGlobalSection
	GlobalSection(ExtensibilityGlobals) = postSolution
		SolutionGuid = {F08971B5-59C0-4FF4-BDB4-669916D40825}
	EndGlobalSection
EndGlobal
